
Microsoft Visual Studio Solution File, Format Version 12.00
# Visual Studio Version 17
VisualStudioVersion = 17.4.33122.133
MinimumVisualStudioVersion = 10.0.40219.1
Project("{9A19103F-16F7-4668-BE54-9A1E7A4F7556}") = "AdventOfCode", "AdventOfCode.csproj", "{D2462B5D-0D3B-4EDD-A239-93970637D2AA}"
EndProject
Global
	GlobalSection(SolutionConfigurationPlatforms) = preSolution
		Debug|Any CPU = Debug|Any CPU
		Release|Any CPU = Release|Any CPU
	EndGlobalSection
	GlobalSection(ProjectConfigurationPlatforms) = postSolution
		{D2462B5D-0D3B-4EDD-A239-93970637D2AA}.Debug|Any CPU.ActiveCfg = Debug|Any CPU
		{D2462B5D-0D3B-4EDD-A239-93970637D2AA}.Debug|Any CPU.Build.0 = Debug|Any CPU
		{D2462B5D-0D3B-4EDD-A239-93970637D2AA}.Release|Any CPU.ActiveCfg = Release|Any CPU
		{D2462B5D-0D3B-4EDD-A239-93970637D2AA}.Release|Any CPU.Build.0 = Release|Any CPU
	EndGlobalSection
	GlobalSection(SolutionProperties) = preSolution
		HideSolutionNode = FALSE
	EndGlobalSection
	GlobalSection(ExtensibilityGlobals) = postSolution
		SolutionGuid = {8A24A1BE-39D3-447B-B0FD-C69491C6EE69}
	EndGlobalSection
EndGlobal
